
Microsoft Visual Studio Solution File, Format Version 12.00
# Visual Studio Version 16
VisualStudioVersion = 16.0.29409.12
MinimumVisualStudioVersion = 10.0.40219.1
Project("{FAE04EC0-301F-11D3-BF4B-00C04F79EFBC}") = "OrderApp.Identity.Services", "OrderApp.Identity.Services\OrderApp.Identity.Services.csproj", "{C367EED1-F402-4470-A168-112CAB18FD51}"
EndProject
Global
	GlobalSection(SolutionConfigurationPlatforms) = preSolution
		Debug|Any CPU = Debug|Any CPU
		Release|Any CPU = Release|Any CPU
	EndGlobalSection
	GlobalSection(ProjectConfigurationPlatforms) = postSolution
		{C367EED1-F402-4470-A168-112CAB18FD51}.Debug|Any CPU.ActiveCfg = Debug|Any CPU
		{C367EED1-F402-4470-A168-112CAB18FD51}.Debug|Any CPU.Build.0 = Debug|Any CPU
		{C367EED1-F402-4470-A168-112CAB18FD51}.Release|Any CPU.ActiveCfg = Release|Any CPU
		{C367EED1-F402-4470-A168-112CAB18FD51}.Release|Any CPU.Build.0 = Release|Any CPU
	EndGlobalSection
	GlobalSection(SolutionProperties) = preSolution
		HideSolutionNode = FALSE
	EndGlobalSection
	GlobalSection(ExtensibilityGlobals) = postSolution
		SolutionGuid = {4A9355F9-DA8B-4290-A4F8-F41C9B4503C8}
	EndGlobalSection
EndGlobal
